<Solution>
  <Folder Name="/src/">
    <Project Path="src/TCModel.Engine.fsproj" />
    <Project Path="src/Table/TCModel.Table.fsproj" />
    <Project Path="src/Net/TCModel.Net.fsproj" />
    <Project Path="src/Play/TCModel.Play.fsproj" />
  </Folder>
  <Folder Name="/src/Games/">
    <Project Path="src/Games/Cascade/Cascade.fsproj" />
    <Project Path="src/Games/Compile/Compile.fsproj" />
    <Project Path="src/Games/Diplomacy/Diplomacy.fsproj" />
    <Project Path="src/Games/Life/Life.fsproj" />
    <Project Path="src/Games/Snake/Snake.fsproj" />
    <Project Path="src/Games/TicTacToe/TicTacToe.fsproj" />
    <Project Path="src/Games/Turncoats/Turncoats.fsproj" />
    <Project Path="src/Games/Warband/Warband.fsproj" />
  </Folder>
  <Project Path="TCModel.fsproj" />
</Solution>
