<Solution>
  <Folder Name="/src/">
    <Project Path="src/Prototyping.Engine.fsproj" />
    <Project Path="src/Table/Prototyping.Table.fsproj" />
    <Project Path="src/Net/Prototyping.Net.fsproj" />
    <Project Path="src/Play/Prototyping.Play.fsproj" />
  </Folder>
  <Folder Name="/src/Games/">
    <Project Path="src/Games/Cascade/Cascade.fsproj" />
    <Project Path="src/Games/Compile/Compile.fsproj" />
    <Project Path="src/Games/Diplomacy/Diplomacy.fsproj" />
    <Project Path="src/Games/Life/Life.fsproj" />
    <Project Path="src/Games/Snake/Snake.fsproj" />
    <Project Path="src/Games/TicTacToe/TicTacToe.fsproj" />
    <Project Path="src/Games/Turncoats/Turncoats.fsproj" />
    <Project Path="src/Games/Warband/Warband.fsproj" />
  </Folder>
  <Project Path="Proto.fsproj" />
</Solution>
